
Microsoft Visual Studio Solution File, Format Version 12.00
# Visual Studio Version 17
VisualStudioVersion = 17.14.36811.4
MinimumVisualStudioVersion = 10.0.40219.1
Project("{FAE04EC0-301F-11D3-BF4B-00C04F79EFBC}") = "MiniServerProject", "MiniServerProject\MiniServerProject.csproj", "{EA987706-F032-472D-A09D-32E43C879440}"
EndProject
Project("{FAE04EC0-301F-11D3-BF4B-00C04F79EFBC}") = "MiniServerProject.Tests", "MiniServerProject.Tests\MiniServerProject.Tests.csproj", "{65749689-4554-4C28-9F66-C66B4096BE0A}"
EndProject
Global
	GlobalSection(SolutionConfigurationPlatforms) = preSolution
		Debug|Any CPU = Debug|Any CPU
		Debug|x64 = Debug|x64
		Debug|x86 = Debug|x86
		Release|Any CPU = Release|Any CPU
		Release|x64 = Release|x64
		Release|x86 = Release|x86
	EndGlobalSection
	GlobalSection(ProjectConfigurationPlatforms) = postSolution
		{EA987706-F032-472D-A09D-32E43C879440}.Debug|Any CPU.ActiveCfg = Debug|Any CPU
		{EA987706-F032-472D-A09D-32E43C879440}.Debug|Any CPU.Build.0 = Debug|Any CPU
		{EA987706-F032-472D-A09D-32E43C879440}.Debug|x64.ActiveCfg = Debug|Any CPU
		{EA987706-F032-472D-A09D-32E43C879440}.Debug|x64.Build.0 = Debug|Any CPU
		{EA987706-F032-472D-A09D-32E43C879440}.Debug|x86.ActiveCfg = Debug|Any CPU
		{EA987706-F032-472D-A09D-32E43C879440}.Debug|x86.Build.0 = Debug|Any CPU
		{EA987706-F032-472D-A09D-32E43C879440}.Release|Any CPU.ActiveCfg = Release|Any CPU
		{EA987706-F032-472D-A09D-32E43C879440}.Release|Any CPU.Build.0 = Release|Any CPU
		{EA987706-F032-472D-A09D-32E43C879440}.Release|x64.ActiveCfg = Release|Any CPU
		{EA987706-F032-472D-A09D-32E43C879440}.Release|x64.Build.0 = Release|Any CPU
		{EA987706-F032-472D-A09D-32E43C879440}.Release|x86.ActiveCfg = Release|Any CPU
		{EA987706-F032-472D-A09D-32E43C879440}.Release|x86.Build.0 = Release|Any CPU
		{65749689-4554-4C28-9F66-C66B4096BE0A}.Debug|Any CPU.ActiveCfg = Debug|Any CPU
		{65749689-4554-4C28-9F66-C66B4096BE0A}.Debug|Any CPU.Build.0 = Debug|Any CPU
		{65749689-4554-4C28-9F66-C66B4096BE0A}.Debug|x64.ActiveCfg = Debug|Any CPU
		{65749689-4554-4C28-9F66-C66B4096BE0A}.Debug|x64.Build.0 = Debug|Any CPU
		{65749689-4554-4C28-9F66-C66B4096BE0A}.Debug|x86.ActiveCfg = Debug|Any CPU
		{65749689-4554-4C28-9F66-C66B4096BE0A}.Debug|x86.Build.0 = Debug|Any CPU
		{65749689-4554-4C28-9F66-C66B4096BE0A}.Release|Any CPU.ActiveCfg = Release|Any CPU
		{65749689-4554-4C28-9F66-C66B4096BE0A}.Release|Any CPU.Build.0 = Release|Any CPU
		{65749689-4554-4C28-9F66-C66B4096BE0A}.Release|x64.ActiveCfg = Release|Any CPU
		{65749689-4554-4C28-9F66-C66B4096BE0A}.Release|x64.Build.0 = Release|Any CPU
		{65749689-4554-4C28-9F66-C66B4096BE0A}.Release|x86.ActiveCfg = Release|Any CPU
		{65749689-4554-4C28-9F66-C66B4096BE0A}.Release|x86.Build.0 = Release|Any CPU
	EndGlobalSection
	GlobalSection(SolutionProperties) = preSolution
		HideSolutionNode = FALSE
	EndGlobalSection
	GlobalSection(ExtensibilityGlobals) = postSolution
		SolutionGuid = {CF6A1C71-5C21-4A7B-B6B8-3B105C252CD9}
	EndGlobalSection
EndGlobal
